// !$*UTF8*$!
{
	archiveVersion = 1;
	classes = {
	};
	objectVersion = 56;
	objects = {

/* Begin PBXBuildFile section */
		BD2D57D62C1C6480003E76A4 /* AppDelegate.swift in Sources */ = {isa = PBXBuildFile; fileRef = BD2D57D52C1C6480003E76A4 /* AppDelegate.swift */; };
		BD2D57D82C1C6480003E76A4 /* SceneDelegate.swift in Sources */ = {isa = PBXBuildFile; fileRef = BD2D57D72C1C6480003E76A4 /* SceneDelegate.swift */; };
		BD2D57DD2C1C6480003E76A4 /* Main.storyboard in Resources */ = {isa = PBXBuildFile; fileRef = BD2D57DB2C1C6480003E76A4 /* Main.storyboard */; };
		BD2D57DF2C1C6482003E76A4 /* Assets.xcassets in Resources */ = {isa = PBXBuildFile; fileRef = BD2D57DE2C1C6482003E76A4 /* Assets.xcassets */; };
		BD2D57E22C1C6482003E76A4 /* LaunchScreen.storyboard in Resources */ = {isa = PBXBuildFile; fileRef = BD2D57E02C1C6482003E76A4 /* LaunchScreen.storyboard */; };
		BD2D57ED2C1C6482003E76A4 /* QuizAppTests.swift in Sources */ = {isa = PBXBuildFile; fileRef = BD2D57EC2C1C6482003E76A4 /* QuizAppTests.swift */; };
		BD2D57F72C1C6482003E76A4 /* QuizAppUITests.swift in Sources */ = {isa = PBXBuildFile; fileRef = BD2D57F62C1C6482003E76A4 /* QuizAppUITests.swift */; };
		BD2D57F92C1C6482003E76A4 /* QuizAppUITestsLaunchTests.swift in Sources */ = {isa = PBXBuildFile; fileRef = BD2D57F82C1C6482003E76A4 /* QuizAppUITestsLaunchTests.swift */; };
		BDF84D2A2C63B1F80079E84A /* QuizBrain.swift in Sources */ = {isa = PBXBuildFile; fileRef = BDF84D292C63B1F80079E84A /* QuizBrain.swift */; };
		BDF84D2C2C63B20C0079E84A /* Questions.swift in Sources */ = {isa = PBXBuildFile; fileRef = BDF84D2B2C63B20C0079E84A /* Questions.swift */; };
		BDF84D312C63B3560079E84A /* HomeViewController.swift in Sources */ = {isa = PBXBuildFile; fileRef = BDF84D302C63B3560079E84A /* HomeViewController.swift */; };
		BDF84D352C63EDE40079E84A /* CircularProgressView.swift in Sources */ = {isa = PBXBuildFile; fileRef = BDF84D342C63EDE40079E84A /* CircularProgressView.swift */; };
		BDF84D372C63EE2F0079E84A /* QuizViewController.swift in Sources */ = {isa = PBXBuildFile; fileRef = BDF84D362C63EE2F0079E84A /* QuizViewController.swift */; };
/* End PBXBuildFile section */

/* Begin PBXContainerItemProxy section */
		BD2D57E92C1C6482003E76A4 /* PBXContainerItemProxy */ = {
			isa = PBXContainerItemProxy;
			containerPortal = BD2D57CA2C1C6480003E76A4 /* Project object */;
			proxyType = 1;
			remoteGlobalIDString = BD2D57D12C1C6480003E76A4;
			remoteInfo = QuizApp;
		};
		BD2D57F32C1C6482003E76A4 /* PBXContainerItemProxy */ = {
			isa = PBXContainerItemProxy;
			containerPortal = BD2D57CA2C1C6480003E76A4 /* Project object */;
			proxyType = 1;
			remoteGlobalIDString = BD2D57D12C1C6480003E76A4;
			remoteInfo = QuizApp;
		};
/* End PBXContainerItemProxy section */

/* Begin PBXFileReference section */
		BD2D57D22C1C6480003E76A4 /* QuizApp.app */ = {isa = PBXFileReference; explicitFileType = wrapper.application; includeInIndex = 0; path = QuizApp.app; sourceTree = BUILT_PRODUCTS_DIR; };
		BD2D57D52C1C6480003E76A4 /* AppDelegate.swift */ = {isa = PBXFileReference; lastKnownFileType = sourcecode.swift; path = AppDelegate.swift; sourceTree = "<group>"; };
		BD2D57D72C1C6480003E76A4 /* SceneDelegate.swift */ = {isa = PBXFileReference; lastKnownFileType = sourcecode.swift; path = SceneDelegate.swift; sourceTree = "<group>"; };
		BD2D57DC2C1C6480003E76A4 /* Base */ = {isa = PBXFileReference; lastKnownFileType = file.storyboard; name = Base; path = Base.lproj/Main.storyboard; sourceTree = "<group>"; };
		BD2D57DE2C1C6482003E76A4 /* Assets.xcassets */ = {isa = PBXFileReference; lastKnownFileType = folder.assetcatalog; path = Assets.xcassets; sourceTree = "<group>"; };
		BD2D57E12C1C6482003E76A4 /* Base */ = {isa = PBXFileReference; lastKnownFileType = file.storyboard; name = Base; path = Base.lproj/LaunchScreen.storyboard; sourceTree = "<group>"; };
		BD2D57E32C1C6482003E76A4 /* Info.plist */ = {isa = PBXFileReference; lastKnownFileType = text.plist.xml; path = Info.plist; sourceTree = "<group>"; };
		BD2D57E82C1C6482003E76A4 /* QuizAppTests.xctest */ = {isa = PBXFileReference; explicitFileType = wrapper.cfbundle; includeInIndex = 0; path = QuizAppTests.xctest; sourceTree = BUILT_PRODUCTS_DIR; };
		BD2D57EC2C1C6482003E76A4 /* QuizAppTests.swift */ = {isa = PBXFileReference; lastKnownFileType = sourcecode.swift; path = QuizAppTests.swift; sourceTree = "<group>"; };
		BD2D57F22C1C6482003E76A4 /* QuizAppUITests.xctest */ = {isa = PBXFileReference; explicitFileType = wrapper.cfbundle; includeInIndex = 0; path = QuizAppUITests.xctest; sourceTree = BUILT_PRODUCTS_DIR; };
		BD2D57F62C1C6482003E76A4 /* QuizAppUITests.swift */ = {isa = PBXFileReference; lastKnownFileType = sourcecode.swift; path = QuizAppUITests.swift; sourceTree = "<group>"; };
		BD2D57F82C1C6482003E76A4 /* QuizAppUITestsLaunchTests.swift */ = {isa = PBXFileReference; lastKnownFileType = sourcecode.swift; path = QuizAppUITestsLaunchTests.swift; sourceTree = "<group>"; };
		BDF84D292C63B1F80079E84A /* QuizBrain.swift */ = {isa = PBXFileReference; lastKnownFileType = sourcecode.swift; path = QuizBrain.swift; sourceTree = "<group>"; };
		BDF84D2B2C63B20C0079E84A /* Questions.swift */ = {isa = PBXFileReference; lastKnownFileType = sourcecode.swift; path = Questions.swift; sourceTree = "<group>"; };
		BDF84D302C63B3560079E84A /* HomeViewController.swift */ = {isa = PBXFileReference; lastKnownFileType = sourcecode.swift; path = HomeViewController.swift; sourceTree = "<group>"; };
		BDF84D342C63EDE40079E84A /* CircularProgressView.swift */ = {isa = PBXFileReference; lastKnownFileType = sourcecode.swift; path = CircularProgressView.swift; sourceTree = "<group>"; };
		BDF84D362C63EE2F0079E84A /* QuizViewController.swift */ = {isa = PBXFileReference; lastKnownFileType = sourcecode.swift; path = QuizViewController.swift; sourceTree = "<group>"; };
/* End PBXFileReference section */

/* Begin PBXFrameworksBuildPhase section */
		BD2D57CF2C1C6480003E76A4 /* Frameworks */ = {
			isa = PBXFrameworksBuildPhase;
			buildActionMask = 2147483647;
			files = (
			);
			runOnlyForDeploymentPostprocessing = 0;
		};
		BD2D57E52C1C6482003E76A4 /* Frameworks */ = {
			isa = PBXFrameworksBuildPhase;
			buildActionMask = 2147483647;
			files = (
			);
			runOnlyForDeploymentPostprocessing = 0;
		};
		BD2D57EF2C1C6482003E76A4 /* Frameworks */ = {
			isa = PBXFrameworksBuildPhase;
			buildActionMask = 2147483647;
			files = (
			);
			runOnlyForDeploymentPostprocessing = 0;
		};
/* End PBXFrameworksBuildPhase section */

/* Begin PBXGroup section */
		BD2D57C92C1C6480003E76A4 = {
			isa = PBXGroup;
			children = (
				BDF84D2F2C63B3400079E84A /* Controllers */,
				BD2D57D42C1C6480003E76A4 /* QuizApp */,
				BD2D57EB2C1C6482003E76A4 /* QuizAppTests */,
				BD2D57F52C1C6482003E76A4 /* QuizAppUITests */,
				BD2D57D32C1C6480003E76A4 /* Products */,
			);
			sourceTree = "<group>";
		};
		BD2D57D32C1C6480003E76A4 /* Products */ = {
			isa = PBXGroup;
			children = (
				BD2D57D22C1C6480003E76A4 /* QuizApp.app */,
				BD2D57E82C1C6482003E76A4 /* QuizAppTests.xctest */,
				BD2D57F22C1C6482003E76A4 /* QuizAppUITests.xctest */,
			);
			name = Products;
			sourceTree = "<group>";
		};
		BD2D57D42C1C6480003E76A4 /* QuizApp */ = {
			isa = PBXGroup;
			children = (
				BDF84D282C63B1D10079E84A /* Models */,
				BDF84D2D2C63B27A0079E84A /* Delegates */,
				BDF84D2E2C63B2880079E84A /* Views */,
				BD2D57E32C1C6482003E76A4 /* Info.plist */,
			);
			path = QuizApp;
			sourceTree = "<group>";
		};
		BD2D57EB2C1C6482003E76A4 /* QuizAppTests */ = {
			isa = PBXGroup;
			children = (
				BD2D57EC2C1C6482003E76A4 /* QuizAppTests.swift */,
			);
			path = QuizAppTests;
			sourceTree = "<group>";
		};
		BD2D57F52C1C6482003E76A4 /* QuizAppUITests */ = {
			isa = PBXGroup;
			children = (
				BD2D57F62C1C6482003E76A4 /* QuizAppUITests.swift */,
				BD2D57F82C1C6482003E76A4 /* QuizAppUITestsLaunchTests.swift */,
			);
			path = QuizAppUITests;
			sourceTree = "<group>";
		};
		BDF84D282C63B1D10079E84A /* Models */ = {
			isa = PBXGroup;
			children = (
				BDF84D292C63B1F80079E84A /* QuizBrain.swift */,
				BDF84D2B2C63B20C0079E84A /* Questions.swift */,
			);
			path = Models;
			sourceTree = "<group>";
		};
		BDF84D2D2C63B27A0079E84A /* Delegates */ = {
			isa = PBXGroup;
			children = (
				BD2D57D52C1C6480003E76A4 /* AppDelegate.swift */,
				BD2D57D72C1C6480003E76A4 /* SceneDelegate.swift */,
			);
			path = Delegates;
			sourceTree = "<group>";
		};
		BDF84D2E2C63B2880079E84A /* Views */ = {
			isa = PBXGroup;
			children = (
				BD2D57DB2C1C6480003E76A4 /* Main.storyboard */,
				BD2D57DE2C1C6482003E76A4 /* Assets.xcassets */,
				BD2D57E02C1C6482003E76A4 /* LaunchScreen.storyboard */,
			);
			path = Views;
			sourceTree = "<group>";
		};
		BDF84D2F2C63B3400079E84A /* Controllers */ = {
			isa = PBXGroup;
			children = (
				BDF84D302C63B3560079E84A /* HomeViewController.swift */,
				BDF84D342C63EDE40079E84A /* CircularProgressView.swift */,
				BDF84D362C63EE2F0079E84A /* QuizViewController.swift */,
			);
			path = Controllers;
			sourceTree = "<group>";
		};
/* End PBXGroup section */

/* Begin PBXNativeTarget section */
		BD2D57D12C1C6480003E76A4 /* QuizApp */ = {
			isa = PBXNativeTarget;
			buildConfigurationList = BD2D57FC2C1C6482003E76A4 /* Build configuration list for PBXNativeTarget "QuizApp" */;
			buildPhases = (
				BD2D57CE2C1C6480003E76A4 /* Sources */,
				BD2D57CF2C1C6480003E76A4 /* Frameworks */,
				BD2D57D02C1C6480003E76A4 /* Resources */,
			);
			buildRules = (
			);
			dependencies = (
			);
			name = QuizApp;
			productName = QuizApp;
			productReference = BD2D57D22C1C6480003E76A4 /* QuizApp.app */;
			productType = "com.apple.product-type.application";
		};
		BD2D57E72C1C6482003E76A4 /* QuizAppTests */ = {
			isa = PBXNativeTarget;
			buildConfigurationList = BD2D57FF2C1C6482003E76A4 /* Build configuration list for PBXNativeTarget "QuizAppTests" */;
			buildPhases = (
				BD2D57E42C1C6482003E76A4 /* Sources */,
				BD2D57E52C1C6482003E76A4 /* Frameworks */,
				BD2D57E62C1C6482003E76A4 /* Resources */,
			);
			buildRules = (
			);
			dependencies = (
				BD2D57EA2C1C6482003E76A4 /* PBXTargetDependency */,
			);
			name = QuizAppTests;
			productName = QuizAppTests;
			productReference = BD2D57E82C1C6482003E76A4 /* QuizAppTests.xctest */;
			productType = "com.apple.product-type.bundle.unit-test";
		};
		BD2D57F12C1C6482003E76A4 /* QuizAppUITests */ = {
			isa = PBXNativeTarget;
			buildConfigurationList = BD2D58022C1C6482003E76A4 /* Build configuration list for PBXNativeTarget "QuizAppUITests" */;
			buildPhases = (
				BD2D57EE2C1C6482003E76A4 /* Sources */,
				BD2D57EF2C1C6482003E76A4 /* Frameworks */,
				BD2D57F02C1C6482003E76A4 /* Resources */,
			);
			buildRules = (
			);
			dependencies = (
				BD2D57F42C1C6482003E76A4 /* PBXTargetDependency */,
			);
			name = QuizAppUITests;
			productName = QuizAppUITests;
			productReference = BD2D57F22C1C6482003E76A4 /* QuizAppUITests.xctest */;
			productType = "com.apple.product-type.bundle.ui-testing";
		};
/* End PBXNativeTarget section */

/* Begin PBXProject section */
		BD2D57CA2C1C6480003E76A4 /* Project object */ = {
			isa = PBXProject;
			attributes = {
				BuildIndependentTargetsInParallel = 1;
				LastSwiftUpdateCheck = 1520;
				LastUpgradeCheck = 1520;
				TargetAttributes = {
					BD2D57D12C1C6480003E76A4 = {
						CreatedOnToolsVersion = 15.2;
					};
					BD2D57E72C1C6482003E76A4 = {
						CreatedOnToolsVersion = 15.2;
						TestTargetID = BD2D57D12C1C6480003E76A4;
					};
					BD2D57F12C1C6482003E76A4 = {
						CreatedOnToolsVersion = 15.2;
						TestTargetID = BD2D57D12C1C6480003E76A4;
					};
				};
			};
			buildConfigurationList = BD2D57CD2C1C6480003E76A4 /* Build configuration list for PBXProject "QuizApp" */;
			compatibilityVersion = "Xcode 14.0";
			developmentRegion = en;
			hasScannedForEncodings = 0;
			knownRegions = (
				en,
				Base,
			);
			mainGroup = BD2D57C92C1C6480003E76A4;
			productRefGroup = BD2D57D32C1C6480003E76A4 /* Products */;
			projectDirPath = "";
			projectRoot = "";
			targets = (
				BD2D57D12C1C6480003E76A4 /* QuizApp */,
				BD2D57E72C1C6482003E76A4 /* QuizAppTests */,
				BD2D57F12C1C6482003E76A4 /* QuizAppUITests */,
			);
		};
/* End PBXProject section */

/* Begin PBXResourcesBuildPhase section */
		BD2D57D02C1C6480003E76A4 /* Resources */ = {
			isa = PBXResourcesBuildPhase;
			buildActionMask = 2147483647;
			files = (
				BD2D57E22C1C6482003E76A4 /* LaunchScreen.storyboard in Resources */,
				BD2D57DF2C1C6482003E76A4 /* Assets.xcassets in Resources */,
				BD2D57DD2C1C6480003E76A4 /* Main.storyboard in Resources */,
			);
			runOnlyForDeploymentPostprocessing = 0;
		};
		BD2D57E62C1C6482003E76A4 /* Resources */ = {
			isa = PBXResourcesBuildPhase;
			buildActionMask = 2147483647;
			files = (
			);
			runOnlyForDeploymentPostprocessing = 0;
		};
		BD2D57F02C1C6482003E76A4 /* Resources */ = {
			isa = PBXResourcesBuildPhase;
			buildActionMask = 2147483647;
			files = (
			);
			runOnlyForDeploymentPostprocessing = 0;
		};
/* End PBXResourcesBuildPhase section */

/* Begin PBXSourcesBuildPhase section */
		BD2D57CE2C1C6480003E76A4 /* Sources */ = {
			isa = PBXSourcesBuildPhase;
			buildActionMask = 2147483647;
			files = (
				BDF84D312C63B3560079E84A /* HomeViewController.swift in Sources */,
				BDF84D372C63EE2F0079E84A /* QuizViewController.swift in Sources */,
				BD2D57D62C1C6480003E76A4 /* AppDelegate.swift in Sources */,
				BD2D57D82C1C6480003E76A4 /* SceneDelegate.swift in Sources */,
				BDF84D2C2C63B20C0079E84A /* Questions.swift in Sources */,
				BDF84D352C63EDE40079E84A /* CircularProgressView.swift in Sources */,
				BDF84D2A2C63B1F80079E84A /* QuizBrain.swift in Sources */,
			);
			runOnlyForDeploymentPostprocessing = 0;
		};
		BD2D57E42C1C6482003E76A4 /* Sources */ = {
			isa = PBXSourcesBuildPhase;
			buildActionMask = 2147483647;
			files = (
				BD2D57ED2C1C6482003E76A4 /* QuizAppTests.swift in Sources */,
			);
			runOnlyForDeploymentPostprocessing = 0;
		};
		BD2D57EE2C1C6482003E76A4 /* Sources */ = {
			isa = PBXSourcesBuildPhase;
			buildActionMask = 2147483647;
			files = (
				BD2D57F72C1C6482003E76A4 /* QuizAppUITests.swift in Sources */,
				BD2D57F92C1C6482003E76A4 /* QuizAppUITestsLaunchTests.swift in Sources */,
			);
			runOnlyForDeploymentPostprocessing = 0;
		};
/* End PBXSourcesBuildPhase section */

/* Begin PBXTargetDependency section */
		BD2D57EA2C1C6482003E76A4 /* PBXTargetDependency */ = {
			isa = PBXTargetDependency;
			target = BD2D57D12C1C6480003E76A4 /* QuizApp */;
			targetProxy = BD2D57E92C1C6482003E76A4 /* PBXContainerItemProxy */;
		};
		BD2D57F42C1C6482003E76A4 /* PBXTargetDependency */ = {
			isa = PBXTargetDependency;
			target = BD2D57D12C1C6480003E76A4 /* QuizApp */;
			targetProxy = BD2D57F32C1C6482003E76A4 /* PBXContainerItemProxy */;
		};
/* End PBXTargetDependency section */

/* Begin PBXVariantGroup section */
		BD2D57DB2C1C6480003E76A4 /* Main.storyboard */ = {
			isa = PBXVariantGroup;
			children = (
				BD2D57DC2C1C6480003E76A4 /* Base */,
			);
			name = Main.storyboard;
			sourceTree = "<group>";
		};
		BD2D57E02C1C6482003E76A4 /* LaunchScreen.storyboard */ = {
			isa = PBXVariantGroup;
			children = (
				BD2D57E12C1C6482003E76A4 /* Base */,
			);
			name = LaunchScreen.storyboard;
			sourceTree = "<group>";
		};
/* End PBXVariantGroup section */

/* Begin XCBuildConfiguration section */
		BD2D57FA2C1C6482003E76A4 /* Debug */ = {
			isa = XCBuildConfiguration;
			buildSettings = {
				ALWAYS_SEARCH_USER_PATHS = NO;
				ASSETCATALOG_COMPILER_GENERATE_SWIFT_ASSET_SYMBOL_EXTENSIONS = YES;
				CLANG_ANALYZER_NONNULL = YES;
				CLANG_ANALYZER_NUMBER_OBJECT_CONVERSION = YES_AGGRESSIVE;
				CLANG_CXX_LANGUAGE_STANDARD = "gnu++20";
				CLANG_ENABLE_MODULES = YES;
				CLANG_ENABLE_OBJC_ARC = YES;
				CLANG_ENABLE_OBJC_WEAK = YES;
				CLANG_WARN_BLOCK_CAPTURE_AUTORELEASING = YES;
				CLANG_WARN_BOOL_CONVERSION = YES;
				CLANG_WARN_COMMA = YES;
				CLANG_WARN_CONSTANT_CONVERSION = YES;
				CLANG_WARN_DEPRECATED_OBJC_IMPLEMENTATIONS = YES;
				CLANG_WARN_DIRECT_OBJC_ISA_USAGE = YES_ERROR;
				CLANG_WARN_DOCUMENTATION_COMMENTS = YES;
				CLANG_WARN_EMPTY_BODY = YES;
				CLANG_WARN_ENUM_CONVERSION = YES;
				CLANG_WARN_INFINITE_RECURSION = YES;
				CLANG_WARN_INT_CONVERSION = YES;
				CLANG_WARN_NON_LITERAL_NULL_CONVERSION = YES;
				CLANG_WARN_OBJC_IMPLICIT_RETAIN_SELF = YES;
				CLANG_WARN_OBJC_LITERAL_CONVERSION = YES;
				CLANG_WARN_OBJC_ROOT_CLASS = YES_ERROR;
				CLANG_WARN_QUOTED_INCLUDE_IN_FRAMEWORK_HEADER = YES;
				CLANG_WARN_RANGE_LOOP_ANALYSIS = YES;
				CLANG_WARN_STRICT_PROTOTYPES = YES;
				CLANG_WARN_SUSPICIOUS_MOVE = YES;
				CLANG_WARN_UNGUARDED_AVAILABILITY = YES_AGGRESSIVE;
				CLANG_WARN_UNREACHABLE_CODE = YES;
				CLANG_WARN__DUPLICATE_METHOD_MATCH = YES;
				COPY_PHASE_STRIP = NO;
				DEBUG_INFORMATION_FORMAT = dwarf;
				ENABLE_STRICT_OBJC_MSGSEND = YES;
				ENABLE_TESTABILITY = YES;
				ENABLE_USER_SCRIPT_SANDBOXING = YES;
				GCC_C_LANGUAGE_STANDARD = gnu17;
				GCC_DYNAMIC_NO_PIC = NO;
				GCC_NO_COMMON_BLOCKS = YES;
				GCC_OPTIMIZATION_LEVEL = 0;
				GCC_PREPROCESSOR_DEFINITIONS = (
					"DEBUG=1",
					"$(inherited)",
				);
				GCC_WARN_64_TO_32_BIT_CONVERSION = YES;
				GCC_WARN_ABOUT_RETURN_TYPE = YES_ERROR;
				GCC_WARN_UNDECLARED_SELECTOR = YES;
				GCC_WARN_UNINITIALIZED_AUTOS = YES_AGGRESSIVE;
				GCC_WARN_UNUSED_FUNCTION = YES;
				GCC_WARN_UNUSED_VARIABLE = YES;
				IPHONEOS_DEPLOYMENT_TARGET = 17.2;
				LOCALIZATION_PREFERS_STRING_CATALOGS = YES;
				MTL_ENABLE_DEBUG_INFO = INCLUDE_SOURCE;
				MTL_FAST_MATH = YES;
				ONLY_ACTIVE_ARCH = YES;
				SDKROOT = iphoneos;
				SWIFT_ACTIVE_COMPILATION_CONDITIONS = "DEBUG $(inherited)";
				SWIFT_OPTIMIZATION_LEVEL = "-Onone";
			};
			name = Debug;
		};
		BD2D57FB2C1C6482003E76A4 /* Release */ = {
			isa = XCBuildConfiguration;
			buildSettings = {
				ALWAYS_SEARCH_USER_PATHS = NO;
				ASSETCATALOG_COMPILER_GENERATE_SWIFT_ASSET_SYMBOL_EXTENSIONS = YES;
				CLANG_ANALYZER_NONNULL = YES;
				CLANG_ANALYZER_NUMBER_OBJECT_CONVERSION = YES_AGGRESSIVE;
				CLANG_CXX_LANGUAGE_STANDARD = "gnu++20";
				CLANG_ENABLE_MODULES = YES;
				CLANG_ENABLE_OBJC_ARC = YES;
				CLANG_ENABLE_OBJC_WEAK = YES;
				CLANG_WARN_BLOCK_CAPTURE_AUTORELEASING = YES;
				CLANG_WARN_BOOL_CONVERSION = YES;
				CLANG_WARN_COMMA = YES;
				CLANG_WARN_CONSTANT_CONVERSION = YES;
				CLANG_WARN_DEPRECATED_OBJC_IMPLEMENTATIONS = YES;
				CLANG_WARN_DIRECT_OBJC_ISA_USAGE = YES_ERROR;
				CLANG_WARN_DOCUMENTATION_COMMENTS = YES;
				CLANG_WARN_EMPTY_BODY = YES;
				CLANG_WARN_ENUM_CONVERSION = YES;
				CLANG_WARN_INFINITE_RECURSION = YES;
				CLANG_WARN_INT_CONVERSION = YES;
				CLANG_WARN_NON_LITERAL_NULL_CONVERSION = YES;
				CLANG_WARN_OBJC_IMPLICIT_RETAIN_SELF = YES;
				CLANG_WARN_OBJC_LITERAL_CONVERSION = YES;
				CLANG_WARN_OBJC_ROOT_CLASS = YES_ERROR;
				CLANG_WARN_QUOTED_INCLUDE_IN_FRAMEWORK_HEADER = YES;
				CLANG_WARN_RANGE_LOOP_ANALYSIS = YES;
				CLANG_WARN_STRICT_PROTOTYPES = YES;
				CLANG_WARN_SUSPICIOUS_MOVE = YES;
				CLANG_WARN_UNGUARDED_AVAILABILITY = YES_AGGRESSIVE;
				CLANG_WARN_UNREACHABLE_CODE = YES;
				CLANG_WARN__DUPLICATE_METHOD_MATCH = YES;
				COPY_PHASE_STRIP = NO;
				DEBUG_INFORMATION_FORMAT = "dwarf-with-dsym";
				ENABLE_NS_ASSERTIONS = NO;
				ENABLE_STRICT_OBJC_MSGSEND = YES;
				ENABLE_USER_SCRIPT_SANDBOXING = YES;
				GCC_C_LANGUAGE_STANDARD = gnu17;
				GCC_NO_COMMON_BLOCKS = YES;
				GCC_WARN_64_TO_32_BIT_CONVERSION = YES;
				GCC_WARN_ABOUT_RETURN_TYPE = YES_ERROR;
				GCC_WARN_UNDECLARED_SELECTOR = YES;
				GCC_WARN_UNINITIALIZED_AUTOS = YES_AGGRESSIVE;
				GCC_WARN_UNUSED_FUNCTION = YES;
				GCC_WARN_UNUSED_VARIABLE = YES;
				IPHONEOS_DEPLOYMENT_TARGET = 17.2;
				LOCALIZATION_PREFERS_STRING_CATALOGS = YES;
				MTL_ENABLE_DEBUG_INFO = NO;
				MTL_FAST_MATH = YES;
				SDKROOT = iphoneos;
				SWIFT_COMPILATION_MODE = wholemodule;
				VALIDATE_PRODUCT = YES;
			};
			name = Release;
		};
		BD2D57FD2C1C6482003E76A4 /* Debug */ = {
			isa = XCBuildConfiguration;
			buildSettings = {
				ASSETCATALOG_COMPILER_APPICON_NAME = AppIcon;
				ASSETCATALOG_COMPILER_GLOBAL_ACCENT_COLOR_NAME = AccentColor;
				CODE_SIGN_STYLE = Automatic;
				CURRENT_PROJECT_VERSION = 1;
				GENERATE_INFOPLIST_FILE = YES;
				INFOPLIST_FILE = QuizApp/Info.plist;
				INFOPLIST_KEY_UIApplicationSupportsIndirectInputEvents = YES;
				INFOPLIST_KEY_UILaunchStoryboardName = LaunchScreen;
				INFOPLIST_KEY_UIMainStoryboardFile = Main;
				INFOPLIST_KEY_UISupportedInterfaceOrientations = UIInterfaceOrientationPortrait;
				LD_RUNPATH_SEARCH_PATHS = (
					"$(inherited)",
					"@executable_path/Frameworks",
				);
				MARKETING_VERSION = 1.0;
				PRODUCT_BUNDLE_IDENTIFIER = com.kundaniosdev.QuizApp;
				PRODUCT_NAME = "$(TARGET_NAME)";
				SWIFT_EMIT_LOC_STRINGS = YES;
				SWIFT_VERSION = 5.0;
				TARGETED_DEVICE_FAMILY = "1,2";
			};
			name = Debug;
		};
		BD2D57FE2C1C6482003E76A4 /* Release */ = {
			isa = XCBuildConfiguration;
			buildSettings = {
				ASSETCATALOG_COMPILER_APPICON_NAME = AppIcon;
				ASSETCATALOG_COMPILER_GLOBAL_ACCENT_COLOR_NAME = AccentColor;
				CODE_SIGN_STYLE = Automatic;
				CURRENT_PROJECT_VERSION = 1;
				GENERATE_INFOPLIST_FILE = YES;
				INFOPLIST_FILE = QuizApp/Info.plist;
				INFOPLIST_KEY_UIApplicationSupportsIndirectInputEvents = YES;
				INFOPLIST_KEY_UILaunchStoryboardName = LaunchScreen;
				INFOPLIST_KEY_UIMainStoryboardFile = Main;
				INFOPLIST_KEY_UISupportedInterfaceOrientations = UIInterfaceOrientationPortrait;
				LD_RUNPATH_SEARCH_PATHS = (
					"$(inherited)",
					"@executable_path/Frameworks",
				);
				MARKETING_VERSION = 1.0;
				PRODUCT_BUNDLE_IDENTIFIER = com.kundaniosdev.QuizApp;
				PRODUCT_NAME = "$(TARGET_NAME)";
				SWIFT_EMIT_LOC_STRINGS = YES;
				SWIFT_VERSION = 5.0;
				TARGETED_DEVICE_FAMILY = "1,2";
			};
			name = Release;
		};
		BD2D58002C1C6482003E76A4 /* Debug */ = {
			isa = XCBuildConfiguration;
			buildSettings = {
				ALWAYS_EMBED_SWIFT_STANDARD_LIBRARIES = YES;
				BUNDLE_LOADER = "$(TEST_HOST)";
				CODE_SIGN_STYLE = Automatic;
				CURRENT_PROJECT_VERSION = 1;
				GENERATE_INFOPLIST_FILE = YES;
				IPHONEOS_DEPLOYMENT_TARGET = 17.2;
				MARKETING_VERSION = 1.0;
				PRODUCT_BUNDLE_IDENTIFIER = com.kundaniosdev.QuizAppTests;
				PRODUCT_NAME = "$(TARGET_NAME)";
				SWIFT_EMIT_LOC_STRINGS = NO;
				SWIFT_VERSION = 5.0;
				TARGETED_DEVICE_FAMILY = "1,2";
				TEST_HOST = "$(BUILT_PRODUCTS_DIR)/QuizApp.app/$(BUNDLE_EXECUTABLE_FOLDER_PATH)/QuizApp";
			};
			name = Debug;
		};
		BD2D58012C1C6482003E76A4 /* Release */ = {
			isa = XCBuildConfiguration;
			buildSettings = {
				ALWAYS_EMBED_SWIFT_STANDARD_LIBRARIES = YES;
				BUNDLE_LOADER = "$(TEST_HOST)";
				CODE_SIGN_STYLE = Automatic;
				CURRENT_PROJECT_VERSION = 1;
				GENERATE_INFOPLIST_FILE = YES;
				IPHONEOS_DEPLOYMENT_TARGET = 17.2;
				MARKETING_VERSION = 1.0;
				PRODUCT_BUNDLE_IDENTIFIER = com.kundaniosdev.QuizAppTests;
				PRODUCT_NAME = "$(TARGET_NAME)";
				SWIFT_EMIT_LOC_STRINGS = NO;
				SWIFT_VERSION = 5.0;
				TARGETED_DEVICE_FAMILY = "1,2";
				TEST_HOST = "$(BUILT_PRODUCTS_DIR)/QuizApp.app/$(BUNDLE_EXECUTABLE_FOLDER_PATH)/QuizApp";
			};
			name = Release;
		};
		BD2D58032C1C6482003E76A4 /* Debug */ = {
			isa = XCBuildConfiguration;
			buildSettings = {
				ALWAYS_EMBED_SWIFT_STANDARD_LIBRARIES = YES;
				CODE_SIGN_STYLE = Automatic;
				CURRENT_PROJECT_VERSION = 1;
				GENERATE_INFOPLIST_FILE = YES;
				MARKETING_VERSION = 1.0;
				PRODUCT_BUNDLE_IDENTIFIER = com.kundaniosdev.QuizAppUITests;
				PRODUCT_NAME = "$(TARGET_NAME)";
				SWIFT_EMIT_LOC_STRINGS = NO;
				SWIFT_VERSION = 5.0;
				TARGETED_DEVICE_FAMILY = "1,2";
				TEST_TARGET_NAME = QuizApp;
			};
			name = Debug;
		};
		BD2D58042C1C6482003E76A4 /* Release */ = {
			isa = XCBuildConfiguration;
			buildSettings = {
				ALWAYS_EMBED_SWIFT_STANDARD_LIBRARIES = YES;
				CODE_SIGN_STYLE = Automatic;
				CURRENT_PROJECT_VERSION = 1;
				GENERATE_INFOPLIST_FILE = YES;
				MARKETING_VERSION = 1.0;
				PRODUCT_BUNDLE_IDENTIFIER = com.kundaniosdev.QuizAppUITests;
				PRODUCT_NAME = "$(TARGET_NAME)";
				SWIFT_EMIT_LOC_STRINGS = NO;
				SWIFT_VERSION = 5.0;
				TARGETED_DEVICE_FAMILY = "1,2";
				TEST_TARGET_NAME = QuizApp;
			};
			name = Release;
		};
/* End XCBuildConfiguration section */

/* Begin XCConfigurationList section */
		BD2D57CD2C1C6480003E76A4 /* Build configuration list for PBXProject "QuizApp" */ = {
			isa = XCConfigurationList;
			buildConfigurations = (
				BD2D57FA2C1C6482003E76A4 /* Debug */,
				BD2D57FB2C1C6482003E76A4 /* Release */,
			);
			defaultConfigurationIsVisible = 0;
			defaultConfigurationName = Release;
		};
		BD2D57FC2C1C6482003E76A4 /* Build configuration list for PBXNativeTarget "QuizApp" */ = {
			isa = XCConfigurationList;
			buildConfigurations = (
				BD2D57FD2C1C6482003E76A4 /* Debug */,
				BD2D57FE2C1C6482003E76A4 /* Release */,
			);
			defaultConfigurationIsVisible = 0;
			defaultConfigurationName = Release;
		};
		BD2D57FF2C1C6482003E76A4 /* Build configuration list for PBXNativeTarget "QuizAppTests" */ = {
			isa = XCConfigurationList;
			buildConfigurations = (
				BD2D58002C1C6482003E76A4 /* Debug */,
				BD2D58012C1C6482003E76A4 /* Release */,
			);
			defaultConfigurationIsVisible = 0;
			defaultConfigurationName = Release;
		};
		BD2D58022C1C6482003E76A4 /* Build configuration list for PBXNativeTarget "QuizAppUITests" */ = {
			isa = XCConfigurationList;
			buildConfigurations = (
				BD2D58032C1C6482003E76A4 /* Debug */,
				BD2D58042C1C6482003E76A4 /* Release */,
			);
			defaultConfigurationIsVisible = 0;
			defaultConfigurationName = Release;
		};
/* End XCConfigurationList section */
	};
	rootObject = BD2D57CA2C1C6480003E76A4 /* Project object */;
}
